
Microsoft Visual Studio Solution File, Format Version 12.00
# Visual Studio 15
VisualStudioVersion = 15.0.28010.2026
MinimumVisualStudioVersion = 10.0.40219.1
Project("{8BC9CEB8-8B4A-11D0-8D11-00A0C91BC942}") = "Project8", "Project8\Project8.vcxproj", "{F1A3BB84-A220-4D7A-9FF2-AFB9471D0E3A}"
EndProject
Global
	GlobalSection(SolutionConfigurationPlatforms) = preSolution
		Debug|x64 = Debug|x64
		Debug|x86 = Debug|x86
		Release|x64 = Release|x64
		Release|x86 = Release|x86
	EndGlobalSection
	GlobalSection(ProjectConfigurationPlatforms) = postSolution
		{F1A3BB84-A220-4D7A-9FF2-AFB9471D0E3A}.Debug|x64.ActiveCfg = Debug|x64
		{F1A3BB84-A220-4D7A-9FF2-AFB9471D0E3A}.Debug|x64.Build.0 = Debug|x64
		{F1A3BB84-A220-4D7A-9FF2-AFB9471D0E3A}.Debug|x86.ActiveCfg = Debug|Win32
		{F1A3BB84-A220-4D7A-9FF2-AFB9471D0E3A}.Debug|x86.Build.0 = Debug|Win32
		{F1A3BB84-A220-4D7A-9FF2-AFB9471D0E3A}.Release|x64.ActiveCfg = Release|x64
		{F1A3BB84-A220-4D7A-9FF2-AFB9471D0E3A}.Release|x64.Build.0 = Release|x64
		{F1A3BB84-A220-4D7A-9FF2-AFB9471D0E3A}.Release|x86.ActiveCfg = Release|Win32
		{F1A3BB84-A220-4D7A-9FF2-AFB9471D0E3A}.Release|x86.Build.0 = Release|Win32
	EndGlobalSection
	GlobalSection(SolutionProperties) = preSolution
		HideSolutionNode = FALSE
	EndGlobalSection
	GlobalSection(ExtensibilityGlobals) = postSolution
		SolutionGuid = {94BD9A95-149B-4069-8FA3-4F841A0D53FF}
	EndGlobalSection
EndGlobal
